// !$*UTF8*$!
{
	archiveVersion = 1;
	classes = {
	};
	objectVersion = 48;
	objects = {

/* Begin PBXBuildFile section */
		04119DBA20D2946600CEDF5E /* AppDelegate.swift in Sources */ = {isa = PBXBuildFile; fileRef = 04119DB920D2946600CEDF5E /* AppDelegate.swift */; };
		04119DBC20D2946600CEDF5E /* ViewController.swift in Sources */ = {isa = PBXBuildFile; fileRef = 04119DBB20D2946600CEDF5E /* ViewController.swift */; };
		04119DBF20D2946600CEDF5E /* Main.storyboard in Resources */ = {isa = PBXBuildFile; fileRef = 04119DBD20D2946600CEDF5E /* Main.storyboard */; };
		04119DC120D2946600CEDF5E /* Assets.xcassets in Resources */ = {isa = PBXBuildFile; fileRef = 04119DC020D2946600CEDF5E /* Assets.xcassets */; };
		04119DC420D2946600CEDF5E /* LaunchScreen.storyboard in Resources */ = {isa = PBXBuildFile; fileRef = 04119DC220D2946600CEDF5E /* LaunchScreen.storyboard */; };
		04119DCC20D2A7E700CEDF5E /* HeroViewController.swift in Sources */ = {isa = PBXBuildFile; fileRef = 04119DCB20D2A7E700CEDF5E /* HeroViewController.swift */; };
		04119DCE20D2A97100CEDF5E /* Herostates.swift in Sources */ = {isa = PBXBuildFile; fileRef = 04119DCD20D2A97100CEDF5E /* Herostates.swift */; };
		047D328320D4FCEA000D25EC /* File.swift in Sources */ = {isa = PBXBuildFile; fileRef = 047D328220D4FCEA000D25EC /* File.swift */; };
/* End PBXBuildFile section */

/* Begin PBXFileReference section */
		04119DB620D2946600CEDF5E /* JSONImageDownload.app */ = {isa = PBXFileReference; explicitFileType = wrapper.application; includeInIndex = 0; path = JSONImageDownload.app; sourceTree = BUILT_PRODUCTS_DIR; };
		04119DB920D2946600CEDF5E /* AppDelegate.swift */ = {isa = PBXFileReference; lastKnownFileType = sourcecode.swift; path = AppDelegate.swift; sourceTree = "<group>"; };
		04119DBB20D2946600CEDF5E /* ViewController.swift */ = {isa = PBXFileReference; lastKnownFileType = sourcecode.swift; path = ViewController.swift; sourceTree = "<group>"; };
		04119DBE20D2946600CEDF5E /* Base */ = {isa = PBXFileReference; lastKnownFileType = file.storyboard; name = Base; path = Base.lproj/Main.storyboard; sourceTree = "<group>"; };
		04119DC020D2946600CEDF5E /* Assets.xcassets */ = {isa = PBXFileReference; lastKnownFileType = folder.assetcatalog; path = Assets.xcassets; sourceTree = "<group>"; };
		04119DC320D2946600CEDF5E /* Base */ = {isa = PBXFileReference; lastKnownFileType = file.storyboard; name = Base; path = Base.lproj/LaunchScreen.storyboard; sourceTree = "<group>"; };
		04119DC520D2946600CEDF5E /* Info.plist */ = {isa = PBXFileReference; lastKnownFileType = text.plist.xml; path = Info.plist; sourceTree = "<group>"; };
		04119DCB20D2A7E700CEDF5E /* HeroViewController.swift */ = {isa = PBXFileReference; lastKnownFileType = sourcecode.swift; path = HeroViewController.swift; sourceTree = "<group>"; };
		04119DCD20D2A97100CEDF5E /* Herostates.swift */ = {isa = PBXFileReference; lastKnownFileType = sourcecode.swift; path = Herostates.swift; sourceTree = "<group>"; };
		047D328220D4FCEA000D25EC /* File.swift */ = {isa = PBXFileReference; lastKnownFileType = sourcecode.swift; path = File.swift; sourceTree = "<group>"; };
/* End PBXFileReference section */

/* Begin PBXFrameworksBuildPhase section */
		04119DB320D2946600CEDF5E /* Frameworks */ = {
			isa = PBXFrameworksBuildPhase;
			buildActionMask = 2147483647;
			files = (
			);
			runOnlyForDeploymentPostprocessing = 0;
		};
/* End PBXFrameworksBuildPhase section */

/* Begin PBXGroup section */
		04119DAD20D2946600CEDF5E = {
			isa = PBXGroup;
			children = (
				04119DB820D2946600CEDF5E /* JSONImageDownload */,
				04119DB720D2946600CEDF5E /* Products */,
			);
			sourceTree = "<group>";
		};
		04119DB720D2946600CEDF5E /* Products */ = {
			isa = PBXGroup;
			children = (
				04119DB620D2946600CEDF5E /* JSONImageDownload.app */,
			);
			name = Products;
			sourceTree = "<group>";
		};
		04119DB820D2946600CEDF5E /* JSONImageDownload */ = {
			isa = PBXGroup;
			children = (
				04119DB920D2946600CEDF5E /* AppDelegate.swift */,
				04119DBB20D2946600CEDF5E /* ViewController.swift */,
				04119DCB20D2A7E700CEDF5E /* HeroViewController.swift */,
				047D328220D4FCEA000D25EC /* File.swift */,
				04119DBD20D2946600CEDF5E /* Main.storyboard */,
				04119DC020D2946600CEDF5E /* Assets.xcassets */,
				04119DC220D2946600CEDF5E /* LaunchScreen.storyboard */,
				04119DC520D2946600CEDF5E /* Info.plist */,
				04119DCD20D2A97100CEDF5E /* Herostates.swift */,
			);
			path = JSONImageDownload;
			sourceTree = "<group>";
		};
/* End PBXGroup section */

/* Begin PBXNativeTarget section */
		04119DB520D2946600CEDF5E /* JSONImageDownload */ = {
			isa = PBXNativeTarget;
			buildConfigurationList = 04119DC820D2946600CEDF5E /* Build configuration list for PBXNativeTarget "JSONImageDownload" */;
			buildPhases = (
				04119DB220D2946600CEDF5E /* Sources */,
				04119DB320D2946600CEDF5E /* Frameworks */,
				04119DB420D2946600CEDF5E /* Resources */,
			);
			buildRules = (
			);
			dependencies = (
			);
			name = JSONImageDownload;
			productName = JSONImageDownload;
			productReference = 04119DB620D2946600CEDF5E /* JSONImageDownload.app */;
			productType = "com.apple.product-type.application";
		};
/* End PBXNativeTarget section */

/* Begin PBXProject section */
		04119DAE20D2946600CEDF5E /* Project object */ = {
			isa = PBXProject;
			attributes = {
				LastSwiftUpdateCheck = 0920;
				LastUpgradeCheck = 0920;
				ORGANIZATIONNAME = brn.developers;
				TargetAttributes = {
					04119DB520D2946600CEDF5E = {
						CreatedOnToolsVersion = 9.2;
						ProvisioningStyle = Automatic;
					};
				};
			};
			buildConfigurationList = 04119DB120D2946600CEDF5E /* Build configuration list for PBXProject "JSONImageDownload" */;
			compatibilityVersion = "Xcode 8.0";
			developmentRegion = en;
			hasScannedForEncodings = 0;
			knownRegions = (
				en,
				Base,
			);
			mainGroup = 04119DAD20D2946600CEDF5E;
			productRefGroup = 04119DB720D2946600CEDF5E /* Products */;
			projectDirPath = "";
			projectRoot = "";
			targets = (
				04119DB520D2946600CEDF5E /* JSONImageDownload */,
			);
		};
/* End PBXProject section */

/* Begin PBXResourcesBuildPhase section */
		04119DB420D2946600CEDF5E /* Resources */ = {
			isa = PBXResourcesBuildPhase;
			buildActionMask = 2147483647;
			files = (
				04119DC420D2946600CEDF5E /* LaunchScreen.storyboard in Resources */,
				04119DC120D2946600CEDF5E /* Assets.xcassets in Resources */,
				04119DBF20D2946600CEDF5E /* Main.storyboard in Resources */,
			);
			runOnlyForDeploymentPostprocessing = 0;
		};
/* End PBXResourcesBuildPhase section */

/* Begin PBXSourcesBuildPhase section */
		04119DB220D2946600CEDF5E /* Sources */ = {
			isa = PBXSourcesBuildPhase;
			buildActionMask = 2147483647;
			files = (
				047D328320D4FCEA000D25EC /* File.swift in Sources */,
				04119DBC20D2946600CEDF5E /* ViewController.swift in Sources */,
				04119DCE20D2A97100CEDF5E /* Herostates.swift in Sources */,
				04119DCC20D2A7E700CEDF5E /* HeroViewController.swift in Sources */,
				04119DBA20D2946600CEDF5E /* AppDelegate.swift in Sources */,
			);
			runOnlyForDeploymentPostprocessing = 0;
		};
/* End PBXSourcesBuildPhase section */

/* Begin PBXVariantGroup section */
		04119DBD20D2946600CEDF5E /* Main.storyboard */ = {
			isa = PBXVariantGroup;
			children = (
				04119DBE20D2946600CEDF5E /* Base */,
			);
			name = Main.storyboard;
			sourceTree = "<group>";
		};
		04119DC220D2946600CEDF5E /* LaunchScreen.storyboard */ = {
			isa = PBXVariantGroup;
			children = (
				04119DC320D2946600CEDF5E /* Base */,
			);
			name = LaunchScreen.storyboard;
			sourceTree = "<group>";
		};
/* End PBXVariantGroup section */

/* Begin XCBuildConfiguration section */
		04119DC620D2946600CEDF5E /* Debug */ = {
			isa = XCBuildConfiguration;
			buildSettings = {
				ALWAYS_SEARCH_USER_PATHS = NO;
				CLANG_ANALYZER_NONNULL = YES;
				CLANG_ANALYZER_NUMBER_OBJECT_CONVERSION = YES_AGGRESSIVE;
				CLANG_CXX_LANGUAGE_STANDARD = "gnu++14";
				CLANG_CXX_LIBRARY = "libc++";
				CLANG_ENABLE_MODULES = YES;
				CLANG_ENABLE_OBJC_ARC = YES;
				CLANG_WARN_BLOCK_CAPTURE_AUTORELEASING = YES;
				CLANG_WARN_BOOL_CONVERSION = YES;
				CLANG_WARN_COMMA = YES;
				CLANG_WARN_CONSTANT_CONVERSION = YES;
				CLANG_WARN_DIRECT_OBJC_ISA_USAGE = YES_ERROR;
				CLANG_WARN_DOCUMENTATION_COMMENTS = YES;
				CLANG_WARN_EMPTY_BODY = YES;
				CLANG_WARN_ENUM_CONVERSION = YES;
				CLANG_WARN_INFINITE_RECURSION = YES;
				CLANG_WARN_INT_CONVERSION = YES;
				CLANG_WARN_NON_LITERAL_NULL_CONVERSION = YES;
				CLANG_WARN_OBJC_LITERAL_CONVERSION = YES;
				CLANG_WARN_OBJC_ROOT_CLASS = YES_ERROR;
				CLANG_WARN_RANGE_LOOP_ANALYSIS = YES;
				CLANG_WARN_STRICT_PROTOTYPES = YES;
				CLANG_WARN_SUSPICIOUS_MOVE = YES;
				CLANG_WARN_UNGUARDED_AVAILABILITY = YES_AGGRESSIVE;
				CLANG_WARN_UNREACHABLE_CODE = YES;
				CLANG_WARN__DUPLICATE_METHOD_MATCH = YES;
				CODE_SIGN_IDENTITY = "iPhone Developer";
				COPY_PHASE_STRIP = NO;
				DEBUG_INFORMATION_FORMAT = dwarf;
				ENABLE_STRICT_OBJC_MSGSEND = YES;
				ENABLE_TESTABILITY = YES;
				GCC_C_LANGUAGE_STANDARD = gnu11;
				GCC_DYNAMIC_NO_PIC = NO;
				GCC_NO_COMMON_BLOCKS = YES;
				GCC_OPTIMIZATION_LEVEL = 0;
				GCC_PREPROCESSOR_DEFINITIONS = (
					"DEBUG=1",
					"$(inherited)",
				);
				GCC_WARN_64_TO_32_BIT_CONVERSION = YES;
				GCC_WARN_ABOUT_RETURN_TYPE = YES_ERROR;
				GCC_WARN_UNDECLARED_SELECTOR = YES;
				GCC_WARN_UNINITIALIZED_AUTOS = YES_AGGRESSIVE;
				GCC_WARN_UNUSED_FUNCTION = YES;
				GCC_WARN_UNUSED_VARIABLE = YES;
				IPHONEOS_DEPLOYMENT_TARGET = 11.2;
				MTL_ENABLE_DEBUG_INFO = YES;
				ONLY_ACTIVE_ARCH = YES;
				SDKROOT = iphoneos;
				SWIFT_ACTIVE_COMPILATION_CONDITIONS = DEBUG;
				SWIFT_OPTIMIZATION_LEVEL = "-Onone";
			};
			name = Debug;
		};
		04119DC720D2946600CEDF5E /* Release */ = {
			isa = XCBuildConfiguration;
			buildSettings = {
				ALWAYS_SEARCH_USER_PATHS = NO;
				CLANG_ANALYZER_NONNULL = YES;
				CLANG_ANALYZER_NUMBER_OBJECT_CONVERSION = YES_AGGRESSIVE;
				CLANG_CXX_LANGUAGE_STANDARD = "gnu++14";
				CLANG_CXX_LIBRARY = "libc++";
				CLANG_ENABLE_MODULES = YES;
				CLANG_ENABLE_OBJC_ARC = YES;
				CLANG_WARN_BLOCK_CAPTURE_AUTORELEASING = YES;
				CLANG_WARN_BOOL_CONVERSION = YES;
				CLANG_WARN_COMMA = YES;
				CLANG_WARN_CONSTANT_CONVERSION = YES;
				CLANG_WARN_DIRECT_OBJC_ISA_USAGE = YES_ERROR;
				CLANG_WARN_DOCUMENTATION_COMMENTS = YES;
				CLANG_WARN_EMPTY_BODY = YES;
				CLANG_WARN_ENUM_CONVERSION = YES;
				CLANG_WARN_INFINITE_RECURSION = YES;
				CLANG_WARN_INT_CONVERSION = YES;
				CLANG_WARN_NON_LITERAL_NULL_CONVERSION = YES;
				CLANG_WARN_OBJC_LITERAL_CONVERSION = YES;
				CLANG_WARN_OBJC_ROOT_CLASS = YES_ERROR;
				CLANG_WARN_RANGE_LOOP_ANALYSIS = YES;
				CLANG_WARN_STRICT_PROTOTYPES = YES;
				CLANG_WARN_SUSPICIOUS_MOVE = YES;
				CLANG_WARN_UNGUARDED_AVAILABILITY = YES_AGGRESSIVE;
				CLANG_WARN_UNREACHABLE_CODE = YES;
				CLANG_WARN__DUPLICATE_METHOD_MATCH = YES;
				CODE_SIGN_IDENTITY = "iPhone Developer";
				COPY_PHASE_STRIP = NO;
				DEBUG_INFORMATION_FORMAT = "dwarf-with-dsym";
				ENABLE_NS_ASSERTIONS = NO;
				ENABLE_STRICT_OBJC_MSGSEND = YES;
				GCC_C_LANGUAGE_STANDARD = gnu11;
				GCC_NO_COMMON_BLOCKS = YES;
				GCC_WARN_64_TO_32_BIT_CONVERSION = YES;
				GCC_WARN_ABOUT_RETURN_TYPE = YES_ERROR;
				GCC_WARN_UNDECLARED_SELECTOR = YES;
				GCC_WARN_UNINITIALIZED_AUTOS = YES_AGGRESSIVE;
				GCC_WARN_UNUSED_FUNCTION = YES;
				GCC_WARN_UNUSED_VARIABLE = YES;
				IPHONEOS_DEPLOYMENT_TARGET = 11.2;
				MTL_ENABLE_DEBUG_INFO = NO;
				SDKROOT = iphoneos;
				SWIFT_OPTIMIZATION_LEVEL = "-Owholemodule";
				VALIDATE_PRODUCT = YES;
			};
			name = Release;
		};
		04119DC920D2946600CEDF5E /* Debug */ = {
			isa = XCBuildConfiguration;
			buildSettings = {
				ASSETCATALOG_COMPILER_APPICON_NAME = AppIcon;
				CODE_SIGN_STYLE = Automatic;
				INFOPLIST_FILE = JSONImageDownload/Info.plist;
				LD_RUNPATH_SEARCH_PATHS = "$(inherited) @executable_path/Frameworks";
				PRODUCT_BUNDLE_IDENTIFIER = com.JSONImageDownload;
				PRODUCT_NAME = "$(TARGET_NAME)";
				SWIFT_VERSION = 4.0;
				TARGETED_DEVICE_FAMILY = "1,2";
			};
			name = Debug;
		};
		04119DCA20D2946600CEDF5E /* Release */ = {
			isa = XCBuildConfiguration;
			buildSettings = {
				ASSETCATALOG_COMPILER_APPICON_NAME = AppIcon;
				CODE_SIGN_STYLE = Automatic;
				INFOPLIST_FILE = JSONImageDownload/Info.plist;
				LD_RUNPATH_SEARCH_PATHS = "$(inherited) @executable_path/Frameworks";
				PRODUCT_BUNDLE_IDENTIFIER = com.JSONImageDownload;
				PRODUCT_NAME = "$(TARGET_NAME)";
				SWIFT_VERSION = 4.0;
				TARGETED_DEVICE_FAMILY = "1,2";
			};
			name = Release;
		};
/* End XCBuildConfiguration section */

/* Begin XCConfigurationList section */
		04119DB120D2946600CEDF5E /* Build configuration list for PBXProject "JSONImageDownload" */ = {
			isa = XCConfigurationList;
			buildConfigurations = (
				04119DC620D2946600CEDF5E /* Debug */,
				04119DC720D2946600CEDF5E /* Release */,
			);
			defaultConfigurationIsVisible = 0;
			defaultConfigurationName = Release;
		};
		04119DC820D2946600CEDF5E /* Build configuration list for PBXNativeTarget "JSONImageDownload" */ = {
			isa = XCConfigurationList;
			buildConfigurations = (
				04119DC920D2946600CEDF5E /* Debug */,
				04119DCA20D2946600CEDF5E /* Release */,
			);
			defaultConfigurationIsVisible = 0;
			defaultConfigurationName = Release;
		};
/* End XCConfigurationList section */
	};
	rootObject = 04119DAE20D2946600CEDF5E /* Project object */;
}
